{
  "name": "davilaio",
  "version": "1.0.0",
  "lockfileVersion": 1,
  "requires": true,
  "dependencies": {
    "argparse": {
      "version": "1.0.10",
      "resolved": "https://registry.npmjs.org/argparse/-/argparse-1.0.10.tgz",
      "integrity": "sha512-o5Roy6tNG4SL/FOkCAN6RzjiakZS25RLYFrcMttJqbdd8BWrnA+fGz57iN5Pb06pvBGvl5gQ0B48dJlslXvoTg==",
      "dev": true,
      "requires": {
        "sprintf-js": "~1.0.2"
      }
    },
    "esprima": {
      "version": "4.0.1",
      "resolved": "https://registry.npmjs.org/esprima/-/esprima-4.0.1.tgz",
      "integrity": "sha512-eGuFFw7Upda+g4p+QHvnW0RyTX/SVeJBDM/gCtMARO0cLuT2HcEKnTPvhjV6aGeqrCB/sbNop0Kszm0jsaWU4A==",
      "dev": true
    },
    "front-matter": {
      "version": "3.0.1",
      "resolved": "https://registry.npmjs.org/front-matter/-/front-matter-3.0.1.tgz",
      "integrity": "sha512-iCHZ7RZGE36uG58iIWp8zrhDi9BZjlDiRj7aRcGm45EIqrbK+u4KTAmRKLG3FOaVkFhZI5/29SUo7sMLzlQkcA==",
      "dev": true,
      "requires": {
        "js-yaml": "^3.10.0"
      }
    },
    "js-yaml": {
      "version": "3.12.1",
      "resolved": "https://registry.npmjs.org/js-yaml/-/js-yaml-3.12.1.tgz",
      "integrity": "sha512-um46hB9wNOKlwkHgiuyEVAybXBjwFUV0Z/RaHJblRd9DXltue9FTYvzCr9ErQrK9Adz5MU4gHWVaNUfdmrC8qA==",
      "dev": true,
      "requires": {
        "argparse": "^1.0.7",
        "esprima": "^4.0.0"
      }
    },
    "lunr": {
      "version": "2.3.5",
      "resolved": "https://registry.npmjs.org/lunr/-/lunr-2.3.5.tgz",
      "integrity": "sha512-EtnfmHsHJTr3u24sito9JctSxej5Ds0SgUD2Lm+qRHyLgM7BGesFlW14eNh1mil0fV5Muh8gf3dBBXzADlUlzQ=="
    },
    "sprintf-js": {
      "version": "1.0.3",
      "resolved": "https://registry.npmjs.org/sprintf-js/-/sprintf-js-1.0.3.tgz",
      "integrity": "sha1-BOaSb2YolTVPPdAVIDYzuFcpfiw=",
      "dev": true
    }
  }
}
